// !$*UTF8*$!
{
	archiveVersion = 1;
	classes = {
	};
	objectVersion = 55;
	objects = {

/* Begin PBXBuildFile section */
		1612FC9F28D8480A000FE8C1 /* MyCustomARView.swift in Sources */ = {isa = PBXBuildFile; fileRef = 1612FC9D28D84809000FE8C1 /* MyCustomARView.swift */; };
		1612FCA028D8480A000FE8C1 /* MyCustomARView+ML.swift in Sources */ = {isa = PBXBuildFile; fileRef = 1612FC9E28D84809000FE8C1 /* MyCustomARView+ML.swift */; };
		1630E29528E44C1200C98FFA /* EmotionClassificator.mlmodel in Sources */ = {isa = PBXBuildFile; fileRef = 1630E29428E44C1200C98FFA /* EmotionClassificator.mlmodel */; };
		1630E29928E4515D00C98FFA /* Extensions.swift in Sources */ = {isa = PBXBuildFile; fileRef = 1630E29828E4515D00C98FFA /* Extensions.swift */; };
		165DC60B2901293D000C246D /* phraseBook.json in Resources */ = {isa = PBXBuildFile; fileRef = 165DC60A2901293D000C246D /* phraseBook.json */; };
		16E5A2D528DDCFF900D8FA3A /* CameraPreview.swift in Sources */ = {isa = PBXBuildFile; fileRef = 16E5A2D228DDCFF800D8FA3A /* CameraPreview.swift */; };
		16E5A2D628DDCFF900D8FA3A /* VCSetupSession.swift in Sources */ = {isa = PBXBuildFile; fileRef = 16E5A2D328DDCFF900D8FA3A /* VCSetupSession.swift */; };
		16E5A2D728DDCFF900D8FA3A /* VCHandpose.swift in Sources */ = {isa = PBXBuildFile; fileRef = 16E5A2D428DDCFF900D8FA3A /* VCHandpose.swift */; };
		DA0D2D7328AF9DA6009423AF /* AppDelegate.swift in Sources */ = {isa = PBXBuildFile; fileRef = DA0D2D7228AF9DA6009423AF /* AppDelegate.swift */; };
		DA0D2D7528AF9DA6009423AF /* SceneDelegate.swift in Sources */ = {isa = PBXBuildFile; fileRef = DA0D2D7428AF9DA6009423AF /* SceneDelegate.swift */; };
		DA0D2D7728AF9DA6009423AF /* ViewController.swift in Sources */ = {isa = PBXBuildFile; fileRef = DA0D2D7628AF9DA6009423AF /* ViewController.swift */; };
		DA0D2D7A28AF9DA6009423AF /* Main.storyboard in Resources */ = {isa = PBXBuildFile; fileRef = DA0D2D7828AF9DA6009423AF /* Main.storyboard */; };
		DA0D2D7D28AF9DA6009423AF /* SIGNSlate.xcdatamodeld in Sources */ = {isa = PBXBuildFile; fileRef = DA0D2D7B28AF9DA6009423AF /* SIGNSlate.xcdatamodeld */; };
		DA0D2D7F28AF9DAA009423AF /* Assets.xcassets in Resources */ = {isa = PBXBuildFile; fileRef = DA0D2D7E28AF9DAA009423AF /* Assets.xcassets */; };
		DA0D2D8228AF9DAA009423AF /* LaunchScreen.storyboard in Resources */ = {isa = PBXBuildFile; fileRef = DA0D2D8028AF9DAA009423AF /* LaunchScreen.storyboard */; };
		DA0D2D8D28AF9DAB009423AF /* SIGNSlateTests.swift in Sources */ = {isa = PBXBuildFile; fileRef = DA0D2D8C28AF9DAB009423AF /* SIGNSlateTests.swift */; };
		DA0D2D9728AF9DAB009423AF /* SIGNSlateUITests.swift in Sources */ = {isa = PBXBuildFile; fileRef = DA0D2D9628AF9DAB009423AF /* SIGNSlateUITests.swift */; };
		DA0D2D9928AF9DAB009423AF /* SIGNSlateUITestsLaunchTests.swift in Sources */ = {isa = PBXBuildFile; fileRef = DA0D2D9828AF9DAB009423AF /* SIGNSlateUITestsLaunchTests.swift */; };
		DA0D2DA928B26D64009423AF /* MenuViewController.swift in Sources */ = {isa = PBXBuildFile; fileRef = DA0D2DA828B26D64009423AF /* MenuViewController.swift */; };
		DA0D2DAB28B26DA3009423AF /* LatingViewController.swift in Sources */ = {isa = PBXBuildFile; fileRef = DA0D2DAA28B26DA3009423AF /* LatingViewController.swift */; };
		DA3229D82938931A007673D5 /* babymsasl.mlmodel in Sources */ = {isa = PBXBuildFile; fileRef = DA3229D72938931A007673D5 /* babymsasl.mlmodel */; };
		DA6C83D32937B6DF004B0181 /* babymsasl6.mlmodel in Sources */ = {isa = PBXBuildFile; fileRef = DA6C83D22937B6DF004B0181 /* babymsasl6.mlmodel */; };
		DA7DC0AC28E882DD000C51D3 /* ResultsViewController.swift in Sources */ = {isa = PBXBuildFile; fileRef = DA7DC0AB28E882DC000C51D3 /* ResultsViewController.swift */; };
/* End PBXBuildFile section */

/* Begin PBXContainerItemProxy section */
		DA0D2D8928AF9DAB009423AF /* PBXContainerItemProxy */ = {
			isa = PBXContainerItemProxy;
			containerPortal = DA0D2D6728AF9DA6009423AF /* Project object */;
			proxyType = 1;
			remoteGlobalIDString = DA0D2D6E28AF9DA6009423AF;
			remoteInfo = SIGNSlate;
		};
		DA0D2D9328AF9DAB009423AF /* PBXContainerItemProxy */ = {
			isa = PBXContainerItemProxy;
			containerPortal = DA0D2D6728AF9DA6009423AF /* Project object */;
			proxyType = 1;
			remoteGlobalIDString = DA0D2D6E28AF9DA6009423AF;
			remoteInfo = SIGNSlate;
		};
/* End PBXContainerItemProxy section */

/* Begin PBXFileReference section */
		1612FC9D28D84809000FE8C1 /* MyCustomARView.swift */ = {isa = PBXFileReference; fileEncoding = 4; lastKnownFileType = sourcecode.swift; path = MyCustomARView.swift; sourceTree = "<group>"; };
		1612FC9E28D84809000FE8C1 /* MyCustomARView+ML.swift */ = {isa = PBXFileReference; fileEncoding = 4; lastKnownFileType = sourcecode.swift; path = "MyCustomARView+ML.swift"; sourceTree = "<group>"; };
		1630E29428E44C1200C98FFA /* EmotionClassificator.mlmodel */ = {isa = PBXFileReference; lastKnownFileType = file.mlmodel; path = EmotionClassificator.mlmodel; sourceTree = "<group>"; };
		1630E29828E4515D00C98FFA /* Extensions.swift */ = {isa = PBXFileReference; lastKnownFileType = sourcecode.swift; path = Extensions.swift; sourceTree = "<group>"; };
		165DC60A2901293D000C246D /* phraseBook.json */ = {isa = PBXFileReference; fileEncoding = 4; lastKnownFileType = text.json; path = phraseBook.json; sourceTree = "<group>"; };
		16E5A2D228DDCFF800D8FA3A /* CameraPreview.swift */ = {isa = PBXFileReference; fileEncoding = 4; lastKnownFileType = sourcecode.swift; path = CameraPreview.swift; sourceTree = "<group>"; };
		16E5A2D328DDCFF900D8FA3A /* VCSetupSession.swift */ = {isa = PBXFileReference; fileEncoding = 4; lastKnownFileType = sourcecode.swift; path = VCSetupSession.swift; sourceTree = "<group>"; };
		16E5A2D428DDCFF900D8FA3A /* VCHandpose.swift */ = {isa = PBXFileReference; fileEncoding = 4; lastKnownFileType = sourcecode.swift; path = VCHandpose.swift; sourceTree = "<group>"; };
		DA0D2D6F28AF9DA6009423AF /* SIGNSlate.app */ = {isa = PBXFileReference; explicitFileType = wrapper.application; includeInIndex = 0; path = SIGNSlate.app; sourceTree = BUILT_PRODUCTS_DIR; };
		DA0D2D7228AF9DA6009423AF /* AppDelegate.swift */ = {isa = PBXFileReference; lastKnownFileType = sourcecode.swift; path = AppDelegate.swift; sourceTree = "<group>"; };
		DA0D2D7428AF9DA6009423AF /* SceneDelegate.swift */ = {isa = PBXFileReference; lastKnownFileType = sourcecode.swift; path = SceneDelegate.swift; sourceTree = "<group>"; };
		DA0D2D7628AF9DA6009423AF /* ViewController.swift */ = {isa = PBXFileReference; lastKnownFileType = sourcecode.swift; path = ViewController.swift; sourceTree = "<group>"; };
		DA0D2D7928AF9DA6009423AF /* Base */ = {isa = PBXFileReference; lastKnownFileType = file.storyboard; name = Base; path = Base.lproj/Main.storyboard; sourceTree = "<group>"; };
		DA0D2D7C28AF9DA6009423AF /* SIGNSlate.xcdatamodel */ = {isa = PBXFileReference; lastKnownFileType = wrapper.xcdatamodel; path = SIGNSlate.xcdatamodel; sourceTree = "<group>"; };
		DA0D2D7E28AF9DAA009423AF /* Assets.xcassets */ = {isa = PBXFileReference; lastKnownFileType = folder.assetcatalog; path = Assets.xcassets; sourceTree = "<group>"; };
		DA0D2D8128AF9DAA009423AF /* Base */ = {isa = PBXFileReference; lastKnownFileType = file.storyboard; name = Base; path = Base.lproj/LaunchScreen.storyboard; sourceTree = "<group>"; };
		DA0D2D8328AF9DAA009423AF /* Info.plist */ = {isa = PBXFileReference; lastKnownFileType = text.plist.xml; path = Info.plist; sourceTree = "<group>"; };
		DA0D2D8828AF9DAB009423AF /* SIGNSlateTests.xctest */ = {isa = PBXFileReference; explicitFileType = wrapper.cfbundle; includeInIndex = 0; path = SIGNSlateTests.xctest; sourceTree = BUILT_PRODUCTS_DIR; };
		DA0D2D8C28AF9DAB009423AF /* SIGNSlateTests.swift */ = {isa = PBXFileReference; lastKnownFileType = sourcecode.swift; path = SIGNSlateTests.swift; sourceTree = "<group>"; };
		DA0D2D9228AF9DAB009423AF /* SIGNSlateUITests.xctest */ = {isa = PBXFileReference; explicitFileType = wrapper.cfbundle; includeInIndex = 0; path = SIGNSlateUITests.xctest; sourceTree = BUILT_PRODUCTS_DIR; };
		DA0D2D9628AF9DAB009423AF /* SIGNSlateUITests.swift */ = {isa = PBXFileReference; lastKnownFileType = sourcecode.swift; path = SIGNSlateUITests.swift; sourceTree = "<group>"; };
		DA0D2D9828AF9DAB009423AF /* SIGNSlateUITestsLaunchTests.swift */ = {isa = PBXFileReference; lastKnownFileType = sourcecode.swift; path = SIGNSlateUITestsLaunchTests.swift; sourceTree = "<group>"; };
		DA0D2DA828B26D64009423AF /* MenuViewController.swift */ = {isa = PBXFileReference; lastKnownFileType = sourcecode.swift; name = MenuViewController.swift; path = "Design Files/MenuViewController.swift"; sourceTree = "<group>"; };
		DA0D2DAA28B26DA3009423AF /* LatingViewController.swift */ = {isa = PBXFileReference; lastKnownFileType = sourcecode.swift; path = LatingViewController.swift; sourceTree = "<group>"; };
		DA3229D72938931A007673D5 /* babymsasl.mlmodel */ = {isa = PBXFileReference; lastKnownFileType = file.mlmodel; path = babymsasl.mlmodel; sourceTree = "<group>"; };
		DA6C83D22937B6DF004B0181 /* babymsasl6.mlmodel */ = {isa = PBXFileReference; lastKnownFileType = file.mlmodel; path = babymsasl6.mlmodel; sourceTree = "<group>"; };
		DA7DC0AB28E882DC000C51D3 /* ResultsViewController.swift */ = {isa = PBXFileReference; lastKnownFileType = sourcecode.swift; path = ResultsViewController.swift; sourceTree = "<group>"; };
/* End PBXFileReference section */

/* Begin PBXFrameworksBuildPhase section */
		DA0D2D6C28AF9DA6009423AF /* Frameworks */ = {
			isa = PBXFrameworksBuildPhase;
			buildActionMask = 2147483647;
			files = (
			);
			runOnlyForDeploymentPostprocessing = 0;
		};
		DA0D2D8528AF9DAB009423AF /* Frameworks */ = {
			isa = PBXFrameworksBuildPhase;
			buildActionMask = 2147483647;
			files = (
			);
			runOnlyForDeploymentPostprocessing = 0;
		};
		DA0D2D8F28AF9DAB009423AF /* Frameworks */ = {
			isa = PBXFrameworksBuildPhase;
			buildActionMask = 2147483647;
			files = (
			);
			runOnlyForDeploymentPostprocessing = 0;
		};
/* End PBXFrameworksBuildPhase section */

/* Begin PBXGroup section */
		1612FC9C28D84802000FE8C1 /* ARHelper */ = {
			isa = PBXGroup;
			children = (
				1612FC9D28D84809000FE8C1 /* MyCustomARView.swift */,
				1612FC9E28D84809000FE8C1 /* MyCustomARView+ML.swift */,
			);
			path = ARHelper;
			sourceTree = "<group>";
		};
		1630E29628E44C2200C98FFA /* ModelFiles */ = {
			isa = PBXGroup;
			children = (
				DA6C83D22937B6DF004B0181 /* babymsasl6.mlmodel */,
				DA3229D72938931A007673D5 /* babymsasl.mlmodel */,
				1630E29428E44C1200C98FFA /* EmotionClassificator.mlmodel */,
			);
			path = ModelFiles;
			sourceTree = "<group>";
		};
		1630E29728E4515100C98FFA /* Extensions */ = {
			isa = PBXGroup;
			children = (
				1630E29828E4515D00C98FFA /* Extensions.swift */,
			);
			path = Extensions;
			sourceTree = "<group>";
		};
		16E5A2D128DDCFF100D8FA3A /* AVVisionClasses */ = {
			isa = PBXGroup;
			children = (
				16E5A2D228DDCFF800D8FA3A /* CameraPreview.swift */,
				16E5A2D428DDCFF900D8FA3A /* VCHandpose.swift */,
				16E5A2D328DDCFF900D8FA3A /* VCSetupSession.swift */,
				165DC60A2901293D000C246D /* phraseBook.json */,
			);
			path = AVVisionClasses;
			sourceTree = "<group>";
		};
		DA0D2D6628AF9DA6009423AF = {
			isa = PBXGroup;
			children = (
				DA0D2D7128AF9DA6009423AF /* SIGNSlate */,
				DA0D2D8B28AF9DAB009423AF /* SIGNSlateTests */,
				DA0D2D9528AF9DAB009423AF /* SIGNSlateUITests */,
				DA0D2D7028AF9DA6009423AF /* Products */,
			);
			sourceTree = "<group>";
		};
		DA0D2D7028AF9DA6009423AF /* Products */ = {
			isa = PBXGroup;
			children = (
				DA0D2D6F28AF9DA6009423AF /* SIGNSlate.app */,
				DA0D2D8828AF9DAB009423AF /* SIGNSlateTests.xctest */,
				DA0D2D9228AF9DAB009423AF /* SIGNSlateUITests.xctest */,
			);
			name = Products;
			sourceTree = "<group>";
		};
		DA0D2D7128AF9DA6009423AF /* SIGNSlate */ = {
			isa = PBXGroup;
			children = (
				DA0D2D7228AF9DA6009423AF /* AppDelegate.swift */,
				DA0D2D7428AF9DA6009423AF /* SceneDelegate.swift */,
				DA0D2D7628AF9DA6009423AF /* ViewController.swift */,
				DA0D2DA828B26D64009423AF /* MenuViewController.swift */,
				DA0D2DAA28B26DA3009423AF /* LatingViewController.swift */,
				DA7DC0AB28E882DC000C51D3 /* ResultsViewController.swift */,
				1630E29728E4515100C98FFA /* Extensions */,
				1630E29628E44C2200C98FFA /* ModelFiles */,
				16E5A2D128DDCFF100D8FA3A /* AVVisionClasses */,
				1612FC9C28D84802000FE8C1 /* ARHelper */,
				DA0D2DA728B2493D009423AF /* Design Files */,
				DA0D2D7B28AF9DA6009423AF /* SIGNSlate.xcdatamodeld */,
				DA0D2D8328AF9DAA009423AF /* Info.plist */,
			);
			path = SIGNSlate;
			sourceTree = "<group>";
		};
		DA0D2D8B28AF9DAB009423AF /* SIGNSlateTests */ = {
			isa = PBXGroup;
			children = (
				DA0D2D8C28AF9DAB009423AF /* SIGNSlateTests.swift */,
			);
			path = SIGNSlateTests;
			sourceTree = "<group>";
		};
		DA0D2D9528AF9DAB009423AF /* SIGNSlateUITests */ = {
			isa = PBXGroup;
			children = (
				DA0D2D9628AF9DAB009423AF /* SIGNSlateUITests.swift */,
				DA0D2D9828AF9DAB009423AF /* SIGNSlateUITestsLaunchTests.swift */,
			);
			path = SIGNSlateUITests;
			sourceTree = "<group>";
		};
		DA0D2DA728B2493D009423AF /* Design Files */ = {
			isa = PBXGroup;
			children = (
				DA0D2D7828AF9DA6009423AF /* Main.storyboard */,
				DA0D2D7E28AF9DAA009423AF /* Assets.xcassets */,
				DA0D2D8028AF9DAA009423AF /* LaunchScreen.storyboard */,
			);
			path = "Design Files";
			sourceTree = "<group>";
		};
/* End PBXGroup section */

/* Begin PBXNativeTarget section */
		DA0D2D6E28AF9DA6009423AF /* SIGNSlate */ = {
			isa = PBXNativeTarget;
			buildConfigurationList = DA0D2D9C28AF9DAB009423AF /* Build configuration list for PBXNativeTarget "SIGNSlate" */;
			buildPhases = (
				DA0D2D6B28AF9DA6009423AF /* Sources */,
				DA0D2D6C28AF9DA6009423AF /* Frameworks */,
				DA0D2D6D28AF9DA6009423AF /* Resources */,
			);
			buildRules = (
			);
			dependencies = (
			);
			name = SIGNSlate;
			productName = SIGNSlate;
			productReference = DA0D2D6F28AF9DA6009423AF /* SIGNSlate.app */;
			productType = "com.apple.product-type.application";
		};
		DA0D2D8728AF9DAB009423AF /* SIGNSlateTests */ = {
			isa = PBXNativeTarget;
			buildConfigurationList = DA0D2D9F28AF9DAB009423AF /* Build configuration list for PBXNativeTarget "SIGNSlateTests" */;
			buildPhases = (
				DA0D2D8428AF9DAB009423AF /* Sources */,
				DA0D2D8528AF9DAB009423AF /* Frameworks */,
				DA0D2D8628AF9DAB009423AF /* Resources */,
			);
			buildRules = (
			);
			dependencies = (
				DA0D2D8A28AF9DAB009423AF /* PBXTargetDependency */,
			);
			name = SIGNSlateTests;
			productName = SIGNSlateTests;
			productReference = DA0D2D8828AF9DAB009423AF /* SIGNSlateTests.xctest */;
			productType = "com.apple.product-type.bundle.unit-test";
		};
		DA0D2D9128AF9DAB009423AF /* SIGNSlateUITests */ = {
			isa = PBXNativeTarget;
			buildConfigurationList = DA0D2DA228AF9DAB009423AF /* Build configuration list for PBXNativeTarget "SIGNSlateUITests" */;
			buildPhases = (
				DA0D2D8E28AF9DAB009423AF /* Sources */,
				DA0D2D8F28AF9DAB009423AF /* Frameworks */,
				DA0D2D9028AF9DAB009423AF /* Resources */,
			);
			buildRules = (
			);
			dependencies = (
				DA0D2D9428AF9DAB009423AF /* PBXTargetDependency */,
			);
			name = SIGNSlateUITests;
			productName = SIGNSlateUITests;
			productReference = DA0D2D9228AF9DAB009423AF /* SIGNSlateUITests.xctest */;
			productType = "com.apple.product-type.bundle.ui-testing";
		};
/* End PBXNativeTarget section */

/* Begin PBXProject section */
		DA0D2D6728AF9DA6009423AF /* Project object */ = {
			isa = PBXProject;
			attributes = {
				BuildIndependentTargetsInParallel = 1;
				LastSwiftUpdateCheck = 1340;
				LastUpgradeCheck = 1340;
				TargetAttributes = {
					DA0D2D6E28AF9DA6009423AF = {
						CreatedOnToolsVersion = 13.4.1;
					};
					DA0D2D8728AF9DAB009423AF = {
						CreatedOnToolsVersion = 13.4.1;
						TestTargetID = DA0D2D6E28AF9DA6009423AF;
					};
					DA0D2D9128AF9DAB009423AF = {
						CreatedOnToolsVersion = 13.4.1;
						TestTargetID = DA0D2D6E28AF9DA6009423AF;
					};
				};
			};
			buildConfigurationList = DA0D2D6A28AF9DA6009423AF /* Build configuration list for PBXProject "SIGNSlate" */;
			compatibilityVersion = "Xcode 13.0";
			developmentRegion = en;
			hasScannedForEncodings = 0;
			knownRegions = (
				en,
				Base,
			);
			mainGroup = DA0D2D6628AF9DA6009423AF;
			productRefGroup = DA0D2D7028AF9DA6009423AF /* Products */;
			projectDirPath = "";
			projectRoot = "";
			targets = (
				DA0D2D6E28AF9DA6009423AF /* SIGNSlate */,
				DA0D2D8728AF9DAB009423AF /* SIGNSlateTests */,
				DA0D2D9128AF9DAB009423AF /* SIGNSlateUITests */,
			);
		};
/* End PBXProject section */

/* Begin PBXResourcesBuildPhase section */
		DA0D2D6D28AF9DA6009423AF /* Resources */ = {
			isa = PBXResourcesBuildPhase;
			buildActionMask = 2147483647;
			files = (
				165DC60B2901293D000C246D /* phraseBook.json in Resources */,
				DA0D2D8228AF9DAA009423AF /* LaunchScreen.storyboard in Resources */,
				DA0D2D7F28AF9DAA009423AF /* Assets.xcassets in Resources */,
				DA0D2D7A28AF9DA6009423AF /* Main.storyboard in Resources */,
			);
			runOnlyForDeploymentPostprocessing = 0;
		};
		DA0D2D8628AF9DAB009423AF /* Resources */ = {
			isa = PBXResourcesBuildPhase;
			buildActionMask = 2147483647;
			files = (
			);
			runOnlyForDeploymentPostprocessing = 0;
		};
		DA0D2D9028AF9DAB009423AF /* Resources */ = {
			isa = PBXResourcesBuildPhase;
			buildActionMask = 2147483647;
			files = (
			);
			runOnlyForDeploymentPostprocessing = 0;
		};
/* End PBXResourcesBuildPhase section */

/* Begin PBXSourcesBuildPhase section */
		DA0D2D6B28AF9DA6009423AF /* Sources */ = {
			isa = PBXSourcesBuildPhase;
			buildActionMask = 2147483647;
			files = (
				DA3229D82938931A007673D5 /* babymsasl.mlmodel in Sources */,
				1630E29528E44C1200C98FFA /* EmotionClassificator.mlmodel in Sources */,
				1612FCA028D8480A000FE8C1 /* MyCustomARView+ML.swift in Sources */,
				DA0D2D7D28AF9DA6009423AF /* SIGNSlate.xcdatamodeld in Sources */,
				DA0D2DAB28B26DA3009423AF /* LatingViewController.swift in Sources */,
				16E5A2D728DDCFF900D8FA3A /* VCHandpose.swift in Sources */,
				DA7DC0AC28E882DD000C51D3 /* ResultsViewController.swift in Sources */,
				16E5A2D628DDCFF900D8FA3A /* VCSetupSession.swift in Sources */,
				DA0D2DA928B26D64009423AF /* MenuViewController.swift in Sources */,
				DA0D2D7728AF9DA6009423AF /* ViewController.swift in Sources */,
				1630E29928E4515D00C98FFA /* Extensions.swift in Sources */,
				DA6C83D32937B6DF004B0181 /* babymsasl6.mlmodel in Sources */,
				1612FC9F28D8480A000FE8C1 /* MyCustomARView.swift in Sources */,
				DA0D2D7328AF9DA6009423AF /* AppDelegate.swift in Sources */,
				DA0D2D7528AF9DA6009423AF /* SceneDelegate.swift in Sources */,
				16E5A2D528DDCFF900D8FA3A /* CameraPreview.swift in Sources */,
			);
			runOnlyForDeploymentPostprocessing = 0;
		};
		DA0D2D8428AF9DAB009423AF /* Sources */ = {
			isa = PBXSourcesBuildPhase;
			buildActionMask = 2147483647;
			files = (
				DA0D2D8D28AF9DAB009423AF /* SIGNSlateTests.swift in Sources */,
			);
			runOnlyForDeploymentPostprocessing = 0;
		};
		DA0D2D8E28AF9DAB009423AF /* Sources */ = {
			isa = PBXSourcesBuildPhase;
			buildActionMask = 2147483647;
			files = (
				DA0D2D9728AF9DAB009423AF /* SIGNSlateUITests.swift in Sources */,
				DA0D2D9928AF9DAB009423AF /* SIGNSlateUITestsLaunchTests.swift in Sources */,
			);
			runOnlyForDeploymentPostprocessing = 0;
		};
/* End PBXSourcesBuildPhase section */

/* Begin PBXTargetDependency section */
		DA0D2D8A28AF9DAB009423AF /* PBXTargetDependency */ = {
			isa = PBXTargetDependency;
			target = DA0D2D6E28AF9DA6009423AF /* SIGNSlate */;
			targetProxy = DA0D2D8928AF9DAB009423AF /* PBXContainerItemProxy */;
		};
		DA0D2D9428AF9DAB009423AF /* PBXTargetDependency */ = {
			isa = PBXTargetDependency;
			target = DA0D2D6E28AF9DA6009423AF /* SIGNSlate */;
			targetProxy = DA0D2D9328AF9DAB009423AF /* PBXContainerItemProxy */;
		};
/* End PBXTargetDependency section */

/* Begin PBXVariantGroup section */
		DA0D2D7828AF9DA6009423AF /* Main.storyboard */ = {
			isa = PBXVariantGroup;
			children = (
				DA0D2D7928AF9DA6009423AF /* Base */,
			);
			name = Main.storyboard;
			sourceTree = "<group>";
		};
		DA0D2D8028AF9DAA009423AF /* LaunchScreen.storyboard */ = {
			isa = PBXVariantGroup;
			children = (
				DA0D2D8128AF9DAA009423AF /* Base */,
			);
			name = LaunchScreen.storyboard;
			sourceTree = "<group>";
		};
/* End PBXVariantGroup section */

/* Begin XCBuildConfiguration section */
		DA0D2D9A28AF9DAB009423AF /* Debug */ = {
			isa = XCBuildConfiguration;
			buildSettings = {
				ALWAYS_SEARCH_USER_PATHS = NO;
				CLANG_ANALYZER_NONNULL = YES;
				CLANG_ANALYZER_NUMBER_OBJECT_CONVERSION = YES_AGGRESSIVE;
				CLANG_CXX_LANGUAGE_STANDARD = "gnu++17";
				CLANG_ENABLE_MODULES = YES;
				CLANG_ENABLE_OBJC_ARC = YES;
				CLANG_ENABLE_OBJC_WEAK = YES;
				CLANG_WARN_BLOCK_CAPTURE_AUTORELEASING = YES;
				CLANG_WARN_BOOL_CONVERSION = YES;
				CLANG_WARN_COMMA = YES;
				CLANG_WARN_CONSTANT_CONVERSION = YES;
				CLANG_WARN_DEPRECATED_OBJC_IMPLEMENTATIONS = YES;
				CLANG_WARN_DIRECT_OBJC_ISA_USAGE = YES_ERROR;
				CLANG_WARN_DOCUMENTATION_COMMENTS = YES;
				CLANG_WARN_EMPTY_BODY = YES;
				CLANG_WARN_ENUM_CONVERSION = YES;
				CLANG_WARN_INFINITE_RECURSION = YES;
				CLANG_WARN_INT_CONVERSION = YES;
				CLANG_WARN_NON_LITERAL_NULL_CONVERSION = YES;
				CLANG_WARN_OBJC_IMPLICIT_RETAIN_SELF = YES;
				CLANG_WARN_OBJC_LITERAL_CONVERSION = YES;
				CLANG_WARN_OBJC_ROOT_CLASS = YES_ERROR;
				CLANG_WARN_QUOTED_INCLUDE_IN_FRAMEWORK_HEADER = YES;
				CLANG_WARN_RANGE_LOOP_ANALYSIS = YES;
				CLANG_WARN_STRICT_PROTOTYPES = YES;
				CLANG_WARN_SUSPICIOUS_MOVE = YES;
				CLANG_WARN_UNGUARDED_AVAILABILITY = YES_AGGRESSIVE;
				CLANG_WARN_UNREACHABLE_CODE = YES;
				CLANG_WARN__DUPLICATE_METHOD_MATCH = YES;
				COPY_PHASE_STRIP = NO;
				DEBUG_INFORMATION_FORMAT = dwarf;
				ENABLE_STRICT_OBJC_MSGSEND = YES;
				ENABLE_TESTABILITY = YES;
				GCC_C_LANGUAGE_STANDARD = gnu11;
				GCC_DYNAMIC_NO_PIC = NO;
				GCC_NO_COMMON_BLOCKS = YES;
				GCC_OPTIMIZATION_LEVEL = 0;
				GCC_PREPROCESSOR_DEFINITIONS = (
					"DEBUG=1",
					"$(inherited)",
				);
				GCC_WARN_64_TO_32_BIT_CONVERSION = YES;
				GCC_WARN_ABOUT_RETURN_TYPE = YES_ERROR;
				GCC_WARN_UNDECLARED_SELECTOR = YES;
				GCC_WARN_UNINITIALIZED_AUTOS = YES_AGGRESSIVE;
				GCC_WARN_UNUSED_FUNCTION = YES;
				GCC_WARN_UNUSED_VARIABLE = YES;
				IPHONEOS_DEPLOYMENT_TARGET = 15.4;
				MTL_ENABLE_DEBUG_INFO = INCLUDE_SOURCE;
				MTL_FAST_MATH = YES;
				ONLY_ACTIVE_ARCH = YES;
				SDKROOT = iphoneos;
				SWIFT_ACTIVE_COMPILATION_CONDITIONS = DEBUG;
				SWIFT_OPTIMIZATION_LEVEL = "-Onone";
			};
			name = Debug;
		};
		DA0D2D9B28AF9DAB009423AF /* Release */ = {
			isa = XCBuildConfiguration;
			buildSettings = {
				ALWAYS_SEARCH_USER_PATHS = NO;
				CLANG_ANALYZER_NONNULL = YES;
				CLANG_ANALYZER_NUMBER_OBJECT_CONVERSION = YES_AGGRESSIVE;
				CLANG_CXX_LANGUAGE_STANDARD = "gnu++17";
				CLANG_ENABLE_MODULES = YES;
				CLANG_ENABLE_OBJC_ARC = YES;
				CLANG_ENABLE_OBJC_WEAK = YES;
				CLANG_WARN_BLOCK_CAPTURE_AUTORELEASING = YES;
				CLANG_WARN_BOOL_CONVERSION = YES;
				CLANG_WARN_COMMA = YES;
				CLANG_WARN_CONSTANT_CONVERSION = YES;
				CLANG_WARN_DEPRECATED_OBJC_IMPLEMENTATIONS = YES;
				CLANG_WARN_DIRECT_OBJC_ISA_USAGE = YES_ERROR;
				CLANG_WARN_DOCUMENTATION_COMMENTS = YES;
				CLANG_WARN_EMPTY_BODY = YES;
				CLANG_WARN_ENUM_CONVERSION = YES;
				CLANG_WARN_INFINITE_RECURSION = YES;
				CLANG_WARN_INT_CONVERSION = YES;
				CLANG_WARN_NON_LITERAL_NULL_CONVERSION = YES;
				CLANG_WARN_OBJC_IMPLICIT_RETAIN_SELF = YES;
				CLANG_WARN_OBJC_LITERAL_CONVERSION = YES;
				CLANG_WARN_OBJC_ROOT_CLASS = YES_ERROR;
				CLANG_WARN_QUOTED_INCLUDE_IN_FRAMEWORK_HEADER = YES;
				CLANG_WARN_RANGE_LOOP_ANALYSIS = YES;
				CLANG_WARN_STRICT_PROTOTYPES = YES;
				CLANG_WARN_SUSPICIOUS_MOVE = YES;
				CLANG_WARN_UNGUARDED_AVAILABILITY = YES_AGGRESSIVE;
				CLANG_WARN_UNREACHABLE_CODE = YES;
				CLANG_WARN__DUPLICATE_METHOD_MATCH = YES;
				COPY_PHASE_STRIP = NO;
				DEBUG_INFORMATION_FORMAT = "dwarf-with-dsym";
				ENABLE_NS_ASSERTIONS = NO;
				ENABLE_STRICT_OBJC_MSGSEND = YES;
				GCC_C_LANGUAGE_STANDARD = gnu11;
				GCC_NO_COMMON_BLOCKS = YES;
				GCC_WARN_64_TO_32_BIT_CONVERSION = YES;
				GCC_WARN_ABOUT_RETURN_TYPE = YES_ERROR;
				GCC_WARN_UNDECLARED_SELECTOR = YES;
				GCC_WARN_UNINITIALIZED_AUTOS = YES_AGGRESSIVE;
				GCC_WARN_UNUSED_FUNCTION = YES;
				GCC_WARN_UNUSED_VARIABLE = YES;
				IPHONEOS_DEPLOYMENT_TARGET = 15.4;
				MTL_ENABLE_DEBUG_INFO = NO;
				MTL_FAST_MATH = YES;
				SDKROOT = iphoneos;
				SWIFT_COMPILATION_MODE = wholemodule;
				SWIFT_OPTIMIZATION_LEVEL = "-O";
				VALIDATE_PRODUCT = YES;
			};
			name = Release;
		};
		DA0D2D9D28AF9DAB009423AF /* Debug */ = {
			isa = XCBuildConfiguration;
			buildSettings = {
				ASSETCATALOG_COMPILER_APPICON_NAME = AppIcon;
				ASSETCATALOG_COMPILER_GLOBAL_ACCENT_COLOR_NAME = AccentColor;
				CODE_SIGN_STYLE = Automatic;
				CURRENT_PROJECT_VERSION = 1;
				DEVELOPMENT_TEAM = VG4QFDQJ9M;
				GENERATE_INFOPLIST_FILE = YES;
				INFOPLIST_FILE = SIGNSlate/Info.plist;
				INFOPLIST_KEY_NSCameraUsageDescription = "This app needs your camera to do the things";
				INFOPLIST_KEY_UIApplicationSupportsIndirectInputEvents = YES;
				INFOPLIST_KEY_UILaunchStoryboardName = LaunchScreen;
				INFOPLIST_KEY_UIMainStoryboardFile = Main;
				INFOPLIST_KEY_UIRequiredDeviceCapabilities = arkit;
				INFOPLIST_KEY_UIRequiresFullScreen = YES;
				INFOPLIST_KEY_UISupportedInterfaceOrientations_iPad = "UIInterfaceOrientationPortrait UIInterfaceOrientationPortraitUpsideDown UIInterfaceOrientationLandscapeLeft UIInterfaceOrientationLandscapeRight";
				INFOPLIST_KEY_UISupportedInterfaceOrientations_iPhone = "UIInterfaceOrientationPortrait UIInterfaceOrientationLandscapeLeft UIInterfaceOrientationLandscapeRight";
				LD_RUNPATH_SEARCH_PATHS = (
					"$(inherited)",
					"@executable_path/Frameworks",
				);
				MARKETING_VERSION = 1.0;
				PRODUCT_BUNDLE_IDENTIFIER = steezyie.SIGNSlate.tech;
				PRODUCT_NAME = "$(TARGET_NAME)";
				SWIFT_EMIT_LOC_STRINGS = YES;
				SWIFT_VERSION = 5.0;
				TARGETED_DEVICE_FAMILY = "1,2";
			};
			name = Debug;
		};
		DA0D2D9E28AF9DAB009423AF /* Release */ = {
			isa = XCBuildConfiguration;
			buildSettings = {
				ASSETCATALOG_COMPILER_APPICON_NAME = AppIcon;
				ASSETCATALOG_COMPILER_GLOBAL_ACCENT_COLOR_NAME = AccentColor;
				CODE_SIGN_STYLE = Automatic;
				CURRENT_PROJECT_VERSION = 1;
				DEVELOPMENT_TEAM = VG4QFDQJ9M;
				GENERATE_INFOPLIST_FILE = YES;
				INFOPLIST_FILE = SIGNSlate/Info.plist;
				INFOPLIST_KEY_NSCameraUsageDescription = "This app needs your camera to do the things";
				INFOPLIST_KEY_UIApplicationSupportsIndirectInputEvents = YES;
				INFOPLIST_KEY_UILaunchStoryboardName = LaunchScreen;
				INFOPLIST_KEY_UIMainStoryboardFile = Main;
				INFOPLIST_KEY_UIRequiredDeviceCapabilities = arkit;
				INFOPLIST_KEY_UIRequiresFullScreen = YES;
				INFOPLIST_KEY_UISupportedInterfaceOrientations_iPad = "UIInterfaceOrientationPortrait UIInterfaceOrientationPortraitUpsideDown UIInterfaceOrientationLandscapeLeft UIInterfaceOrientationLandscapeRight";
				INFOPLIST_KEY_UISupportedInterfaceOrientations_iPhone = "UIInterfaceOrientationPortrait UIInterfaceOrientationLandscapeLeft UIInterfaceOrientationLandscapeRight";
				LD_RUNPATH_SEARCH_PATHS = (
					"$(inherited)",
					"@executable_path/Frameworks",
				);
				MARKETING_VERSION = 1.0;
				PRODUCT_BUNDLE_IDENTIFIER = steezyie.SIGNSlate.tech;
				PRODUCT_NAME = "$(TARGET_NAME)";
				SWIFT_EMIT_LOC_STRINGS = YES;
				SWIFT_VERSION = 5.0;
				TARGETED_DEVICE_FAMILY = "1,2";
			};
			name = Release;
		};
		DA0D2DA028AF9DAB009423AF /* Debug */ = {
			isa = XCBuildConfiguration;
			buildSettings = {
				ALWAYS_EMBED_SWIFT_STANDARD_LIBRARIES = YES;
				BUNDLE_LOADER = "$(TEST_HOST)";
				CODE_SIGN_STYLE = Automatic;
				CURRENT_PROJECT_VERSION = 1;
				GENERATE_INFOPLIST_FILE = YES;
				IPHONEOS_DEPLOYMENT_TARGET = 15.5;
				MARKETING_VERSION = 1.0;
				PRODUCT_BUNDLE_IDENTIFIER = steezyie.SIGNSlateTests;
				PRODUCT_NAME = "$(TARGET_NAME)";
				SWIFT_EMIT_LOC_STRINGS = NO;
				SWIFT_VERSION = 5.0;
				TARGETED_DEVICE_FAMILY = "1,2";
				TEST_HOST = "$(BUILT_PRODUCTS_DIR)/SIGNSlate.app/SIGNSlate";
			};
			name = Debug;
		};
		DA0D2DA128AF9DAB009423AF /* Release */ = {
			isa = XCBuildConfiguration;
			buildSettings = {
				ALWAYS_EMBED_SWIFT_STANDARD_LIBRARIES = YES;
				BUNDLE_LOADER = "$(TEST_HOST)";
				CODE_SIGN_STYLE = Automatic;
				CURRENT_PROJECT_VERSION = 1;
				GENERATE_INFOPLIST_FILE = YES;
				IPHONEOS_DEPLOYMENT_TARGET = 15.5;
				MARKETING_VERSION = 1.0;
				PRODUCT_BUNDLE_IDENTIFIER = steezyie.SIGNSlateTests;
				PRODUCT_NAME = "$(TARGET_NAME)";
				SWIFT_EMIT_LOC_STRINGS = NO;
				SWIFT_VERSION = 5.0;
				TARGETED_DEVICE_FAMILY = "1,2";
				TEST_HOST = "$(BUILT_PRODUCTS_DIR)/SIGNSlate.app/SIGNSlate";
			};
			name = Release;
		};
		DA0D2DA328AF9DAB009423AF /* Debug */ = {
			isa = XCBuildConfiguration;
			buildSettings = {
				ALWAYS_EMBED_SWIFT_STANDARD_LIBRARIES = YES;
				CODE_SIGN_STYLE = Automatic;
				CURRENT_PROJECT_VERSION = 1;
				GENERATE_INFOPLIST_FILE = YES;
				MARKETING_VERSION = 1.0;
				PRODUCT_BUNDLE_IDENTIFIER = steezyie.SIGNSlateUITests;
				PRODUCT_NAME = "$(TARGET_NAME)";
				SWIFT_EMIT_LOC_STRINGS = NO;
				SWIFT_VERSION = 5.0;
				TARGETED_DEVICE_FAMILY = "1,2";
				TEST_TARGET_NAME = SIGNSlate;
			};
			name = Debug;
		};
		DA0D2DA428AF9DAB009423AF /* Release */ = {
			isa = XCBuildConfiguration;
			buildSettings = {
				ALWAYS_EMBED_SWIFT_STANDARD_LIBRARIES = YES;
				CODE_SIGN_STYLE = Automatic;
				CURRENT_PROJECT_VERSION = 1;
				GENERATE_INFOPLIST_FILE = YES;
				MARKETING_VERSION = 1.0;
				PRODUCT_BUNDLE_IDENTIFIER = steezyie.SIGNSlateUITests;
				PRODUCT_NAME = "$(TARGET_NAME)";
				SWIFT_EMIT_LOC_STRINGS = NO;
				SWIFT_VERSION = 5.0;
				TARGETED_DEVICE_FAMILY = "1,2";
				TEST_TARGET_NAME = SIGNSlate;
			};
			name = Release;
		};
/* End XCBuildConfiguration section */

/* Begin XCConfigurationList section */
		DA0D2D6A28AF9DA6009423AF /* Build configuration list for PBXProject "SIGNSlate" */ = {
			isa = XCConfigurationList;
			buildConfigurations = (
				DA0D2D9A28AF9DAB009423AF /* Debug */,
				DA0D2D9B28AF9DAB009423AF /* Release */,
			);
			defaultConfigurationIsVisible = 0;
			defaultConfigurationName = Release;
		};
		DA0D2D9C28AF9DAB009423AF /* Build configuration list for PBXNativeTarget "SIGNSlate" */ = {
			isa = XCConfigurationList;
			buildConfigurations = (
				DA0D2D9D28AF9DAB009423AF /* Debug */,
				DA0D2D9E28AF9DAB009423AF /* Release */,
			);
			defaultConfigurationIsVisible = 0;
			defaultConfigurationName = Release;
		};
		DA0D2D9F28AF9DAB009423AF /* Build configuration list for PBXNativeTarget "SIGNSlateTests" */ = {
			isa = XCConfigurationList;
			buildConfigurations = (
				DA0D2DA028AF9DAB009423AF /* Debug */,
				DA0D2DA128AF9DAB009423AF /* Release */,
			);
			defaultConfigurationIsVisible = 0;
			defaultConfigurationName = Release;
		};
		DA0D2DA228AF9DAB009423AF /* Build configuration list for PBXNativeTarget "SIGNSlateUITests" */ = {
			isa = XCConfigurationList;
			buildConfigurations = (
				DA0D2DA328AF9DAB009423AF /* Debug */,
				DA0D2DA428AF9DAB009423AF /* Release */,
			);
			defaultConfigurationIsVisible = 0;
			defaultConfigurationName = Release;
		};
/* End XCConfigurationList section */

/* Begin XCVersionGroup section */
		DA0D2D7B28AF9DA6009423AF /* SIGNSlate.xcdatamodeld */ = {
			isa = XCVersionGroup;
			children = (
				DA0D2D7C28AF9DA6009423AF /* SIGNSlate.xcdatamodel */,
			);
			currentVersion = DA0D2D7C28AF9DA6009423AF /* SIGNSlate.xcdatamodel */;
			path = SIGNSlate.xcdatamodeld;
			sourceTree = "<group>";
			versionGroupType = wrapper.xcdatamodel;
		};
/* End XCVersionGroup section */
	};
	rootObject = DA0D2D6728AF9DA6009423AF /* Project object */;
}
